
Microsoft Visual Studio Solution File, Format Version 12.00
# Visual Studio Version 17
VisualStudioVersion = 17.12.35707.178 d17.12
MinimumVisualStudioVersion = 10.0.40219.1
Project("{FAE04EC0-301F-11D3-BF4B-00C04F79EFBC}") = "E-Commerce", "E-Commerce\E-Commerce.csproj", "{C4AA4196-F809-4D55-8124-C95CE801C150}"
	ProjectSection(ProjectDependencies) = postProject
		{6AA2E744-5882-4F14-A4F4-CA9994180F3D} = {6AA2E744-5882-4F14-A4F4-CA9994180F3D}
	EndProjectSection
EndProject
Project("{FAE04EC0-301F-11D3-BF4B-00C04F79EFBC}") = "E-Commerce.DAL", "E-Commerce.DAL\E-Commerce.DAL.csproj", "{6AA2E744-5882-4F14-A4F4-CA9994180F3D}"
EndProject
Project("{FAE04EC0-301F-11D3-BF4B-00C04F79EFBC}") = "E-Commerce.BLL", "E-Commerce.BLL\E-Commerce.BLL.csproj", "{1DD00D1E-4E0E-4914-ABA6-EC6C83BFD9C6}"
EndProject
Global
	GlobalSection(SolutionConfigurationPlatforms) = preSolution
		Debug|Any CPU = Debug|Any CPU
		Release|Any CPU = Release|Any CPU
	EndGlobalSection
	GlobalSection(ProjectConfigurationPlatforms) = postSolution
		{C4AA4196-F809-4D55-8124-C95CE801C150}.Debug|Any CPU.ActiveCfg = Debug|Any CPU
		{C4AA4196-F809-4D55-8124-C95CE801C150}.Debug|Any CPU.Build.0 = Debug|Any CPU
		{C4AA4196-F809-4D55-8124-C95CE801C150}.Release|Any CPU.ActiveCfg = Release|Any CPU
		{C4AA4196-F809-4D55-8124-C95CE801C150}.Release|Any CPU.Build.0 = Release|Any CPU
		{6AA2E744-5882-4F14-A4F4-CA9994180F3D}.Debug|Any CPU.ActiveCfg = Debug|Any CPU
		{6AA2E744-5882-4F14-A4F4-CA9994180F3D}.Debug|Any CPU.Build.0 = Debug|Any CPU
		{6AA2E744-5882-4F14-A4F4-CA9994180F3D}.Release|Any CPU.ActiveCfg = Release|Any CPU
		{6AA2E744-5882-4F14-A4F4-CA9994180F3D}.Release|Any CPU.Build.0 = Release|Any CPU
		{1DD00D1E-4E0E-4914-ABA6-EC6C83BFD9C6}.Debug|Any CPU.ActiveCfg = Debug|Any CPU
		{1DD00D1E-4E0E-4914-ABA6-EC6C83BFD9C6}.Debug|Any CPU.Build.0 = Debug|Any CPU
		{1DD00D1E-4E0E-4914-ABA6-EC6C83BFD9C6}.Release|Any CPU.ActiveCfg = Release|Any CPU
		{1DD00D1E-4E0E-4914-ABA6-EC6C83BFD9C6}.Release|Any CPU.Build.0 = Release|Any CPU
	EndGlobalSection
	GlobalSection(SolutionProperties) = preSolution
		HideSolutionNode = FALSE
	EndGlobalSection
EndGlobal
